Microsoft Visual Studio Solution File, Format Version 12.00
# Visual Studio Version 17
VisualStudioVersion = 17.5.2.0
MinimumVisualStudioVersion = 10.0.40219.1
Project("{FAE04EC0-301F-11D3-BF4B-00C04F79EFBC}") = "EasySave-BMT", "EasySave-BMT.csproj", "{11A28A39-8BC7-6C34-EEA2-99EA6D75EF18}"
EndProject
Project("{FAE04EC0-301F-11D3-BF4B-00C04F79EFBC}") = "EasyLog", "EasyLog\EasyLog.csproj", "{35CABCBD-1A6D-182F-7DF4-F14726F39B87}"
EndProject
Global
	GlobalSection(SolutionConfigurationPlatforms) = preSolution
		Debug|Any CPU = Debug|Any CPU
		Release|Any CPU = Release|Any CPU
	EndGlobalSection
	GlobalSection(ProjectConfigurationPlatforms) = postSolution
		{11A28A39-8BC7-6C34-EEA2-99EA6D75EF18}.Debug|Any CPU.ActiveCfg = Debug|Any CPU
		{11A28A39-8BC7-6C34-EEA2-99EA6D75EF18}.Debug|Any CPU.Build.0 = Debug|Any CPU
		{11A28A39-8BC7-6C34-EEA2-99EA6D75EF18}.Release|Any CPU.ActiveCfg = Release|Any CPU
		{11A28A39-8BC7-6C34-EEA2-99EA6D75EF18}.Release|Any CPU.Build.0 = Release|Any CPU
		{35CABCBD-1A6D-182F-7DF4-F14726F39B87}.Debug|Any CPU.ActiveCfg = Debug|Any CPU
		{35CABCBD-1A6D-182F-7DF4-F14726F39B87}.Debug|Any CPU.Build.0 = Debug|Any CPU
		{35CABCBD-1A6D-182F-7DF4-F14726F39B87}.Release|Any CPU.ActiveCfg = Release|Any CPU
		{35CABCBD-1A6D-182F-7DF4-F14726F39B87}.Release|Any CPU.Build.0 = Release|Any CPU
	EndGlobalSection
	GlobalSection(SolutionProperties) = preSolution
		HideSolutionNode = FALSE
	EndGlobalSection
	GlobalSection(ExtensibilityGlobals) = postSolution
		SolutionGuid = {F6FA25BB-A15C-4F5B-8D8B-EF2A220DD5E7}
	EndGlobalSection
EndGlobal
